
Microsoft Visual Studio Solution File, Format Version 12.00
# Visual Studio 2012
Project("{8BC9CEB8-8B4A-11D0-8D11-00A0C91BC942}") = "RPN_Calculator", "RPN_Calculator\RPN_Calculator.vcxproj", "{DEFE62AF-56F6-4A4F-B18B-9417EB2709CF}"
EndProject
Project("{8BC9CEB8-8B4A-11D0-8D11-00A0C91BC942}") = "RPN_Calculator_Line", "RPN_Calculator_Line\RPN_Calculator_Line.vcxproj", "{178FB8AB-A964-459B-8D20-2237A3D9829C}"
EndProject
Global
	GlobalSection(SubversionScc) = preSolution
		Svn-Managed = True
		Manager = AnkhSVN - Subversion Support for Visual Studio
	EndGlobalSection
	GlobalSection(SolutionConfigurationPlatforms) = preSolution
		Debug|Win32 = Debug|Win32
		Release|Win32 = Release|Win32
	EndGlobalSection
	GlobalSection(ProjectConfigurationPlatforms) = postSolution
		{DEFE62AF-56F6-4A4F-B18B-9417EB2709CF}.Debug|Win32.ActiveCfg = Debug|Win32
		{DEFE62AF-56F6-4A4F-B18B-9417EB2709CF}.Debug|Win32.Build.0 = Debug|Win32
		{DEFE62AF-56F6-4A4F-B18B-9417EB2709CF}.Release|Win32.ActiveCfg = Release|Win32
		{DEFE62AF-56F6-4A4F-B18B-9417EB2709CF}.Release|Win32.Build.0 = Release|Win32
		{178FB8AB-A964-459B-8D20-2237A3D9829C}.Debug|Win32.ActiveCfg = Debug|Win32
		{178FB8AB-A964-459B-8D20-2237A3D9829C}.Debug|Win32.Build.0 = Debug|Win32
		{178FB8AB-A964-459B-8D20-2237A3D9829C}.Release|Win32.ActiveCfg = Release|Win32
		{178FB8AB-A964-459B-8D20-2237A3D9829C}.Release|Win32.Build.0 = Release|Win32
	EndGlobalSection
	GlobalSection(SolutionProperties) = preSolution
		HideSolutionNode = FALSE
	EndGlobalSection
EndGlobal
